// !$*UTF8*$!
{
	archiveVersion = 1;
	classes = {
	};
	objectVersion = 56;
	objects = {

/* Begin PBXBuildFile section */
		E46BAD6D2990C57800C3800E /* _0230206circleTrackerApp.swift in Sources */ = {isa = PBXBuildFile; fileRef = E46BAD6C2990C57800C3800E /* _0230206circleTrackerApp.swift */; };
		E46BAD6F2990C57800C3800E /* ContentView.swift in Sources */ = {isa = PBXBuildFile; fileRef = E46BAD6E2990C57800C3800E /* ContentView.swift */; };
		E46BAD712990C57A00C3800E /* Assets.xcassets in Resources */ = {isa = PBXBuildFile; fileRef = E46BAD702990C57A00C3800E /* Assets.xcassets */; };
		E46BAD742990C57A00C3800E /* Preview Assets.xcassets in Resources */ = {isa = PBXBuildFile; fileRef = E46BAD732990C57A00C3800E /* Preview Assets.xcassets */; };
		E46BAD7B2990C5B300C3800E /* trackingView.swift in Sources */ = {isa = PBXBuildFile; fileRef = E46BAD7A2990C5B300C3800E /* trackingView.swift */; };
		E46BAD7D2990DE2700C3800E /* cameraSet.swift in Sources */ = {isa = PBXBuildFile; fileRef = E46BAD7C2990DE2700C3800E /* cameraSet.swift */; };
		E46BAD7F2990DEB500C3800E /* cameraOpenView.swift in Sources */ = {isa = PBXBuildFile; fileRef = E46BAD7E2990DEB500C3800E /* cameraOpenView.swift */; };
/* End PBXBuildFile section */

/* Begin PBXFileReference section */
		E46BAD692990C57800C3800E /* 20230206circleTracker.app */ = {isa = PBXFileReference; explicitFileType = wrapper.application; includeInIndex = 0; path = 20230206circleTracker.app; sourceTree = BUILT_PRODUCTS_DIR; };
		E46BAD6C2990C57800C3800E /* _0230206circleTrackerApp.swift */ = {isa = PBXFileReference; lastKnownFileType = sourcecode.swift; path = _0230206circleTrackerApp.swift; sourceTree = "<group>"; };
		E46BAD6E2990C57800C3800E /* ContentView.swift */ = {isa = PBXFileReference; lastKnownFileType = sourcecode.swift; path = ContentView.swift; sourceTree = "<group>"; };
		E46BAD702990C57A00C3800E /* Assets.xcassets */ = {isa = PBXFileReference; lastKnownFileType = folder.assetcatalog; path = Assets.xcassets; sourceTree = "<group>"; };
		E46BAD732990C57A00C3800E /* Preview Assets.xcassets */ = {isa = PBXFileReference; lastKnownFileType = folder.assetcatalog; path = "Preview Assets.xcassets"; sourceTree = "<group>"; };
		E46BAD7A2990C5B300C3800E /* trackingView.swift */ = {isa = PBXFileReference; lastKnownFileType = sourcecode.swift; path = trackingView.swift; sourceTree = "<group>"; };
		E46BAD7C2990DE2700C3800E /* cameraSet.swift */ = {isa = PBXFileReference; lastKnownFileType = sourcecode.swift; path = cameraSet.swift; sourceTree = "<group>"; };
		E46BAD7E2990DEB500C3800E /* cameraOpenView.swift */ = {isa = PBXFileReference; lastKnownFileType = sourcecode.swift; path = cameraOpenView.swift; sourceTree = "<group>"; };
/* End PBXFileReference section */

/* Begin PBXFrameworksBuildPhase section */
		E46BAD662990C57800C3800E /* Frameworks */ = {
			isa = PBXFrameworksBuildPhase;
			buildActionMask = 2147483647;
			files = (
			);
			runOnlyForDeploymentPostprocessing = 0;
		};
/* End PBXFrameworksBuildPhase section */

/* Begin PBXGroup section */
		E46BAD602990C57800C3800E = {
			isa = PBXGroup;
			children = (
				E46BAD6B2990C57800C3800E /* 20230206circleTracker */,
				E46BAD6A2990C57800C3800E /* Products */,
			);
			sourceTree = "<group>";
		};
		E46BAD6A2990C57800C3800E /* Products */ = {
			isa = PBXGroup;
			children = (
				E46BAD692990C57800C3800E /* 20230206circleTracker.app */,
			);
			name = Products;
			sourceTree = "<group>";
		};
		E46BAD6B2990C57800C3800E /* 20230206circleTracker */ = {
			isa = PBXGroup;
			children = (
				E46BAD6C2990C57800C3800E /* _0230206circleTrackerApp.swift */,
				E46BAD6E2990C57800C3800E /* ContentView.swift */,
				E46BAD7E2990DEB500C3800E /* cameraOpenView.swift */,
				E46BAD7C2990DE2700C3800E /* cameraSet.swift */,
				E46BAD7A2990C5B300C3800E /* trackingView.swift */,
				E46BAD702990C57A00C3800E /* Assets.xcassets */,
				E46BAD722990C57A00C3800E /* Preview Content */,
			);
			path = 20230206circleTracker;
			sourceTree = "<group>";
		};
		E46BAD722990C57A00C3800E /* Preview Content */ = {
			isa = PBXGroup;
			children = (
				E46BAD732990C57A00C3800E /* Preview Assets.xcassets */,
			);
			path = "Preview Content";
			sourceTree = "<group>";
		};
/* End PBXGroup section */

/* Begin PBXNativeTarget section */
		E46BAD682990C57800C3800E /* 20230206circleTracker */ = {
			isa = PBXNativeTarget;
			buildConfigurationList = E46BAD772990C57A00C3800E /* Build configuration list for PBXNativeTarget "20230206circleTracker" */;
			buildPhases = (
				E46BAD652990C57800C3800E /* Sources */,
				E46BAD662990C57800C3800E /* Frameworks */,
				E46BAD672990C57800C3800E /* Resources */,
			);
			buildRules = (
			);
			dependencies = (
			);
			name = 20230206circleTracker;
			productName = 20230206circleTracker;
			productReference = E46BAD692990C57800C3800E /* 20230206circleTracker.app */;
			productType = "com.apple.product-type.application";
		};
/* End PBXNativeTarget section */

/* Begin PBXProject section */
		E46BAD612990C57800C3800E /* Project object */ = {
			isa = PBXProject;
			attributes = {
				BuildIndependentTargetsInParallel = 1;
				LastSwiftUpdateCheck = 1420;
				LastUpgradeCheck = 1420;
				TargetAttributes = {
					E46BAD682990C57800C3800E = {
						CreatedOnToolsVersion = 14.2;
					};
				};
			};
			buildConfigurationList = E46BAD642990C57800C3800E /* Build configuration list for PBXProject "20230206circleTracker" */;
			compatibilityVersion = "Xcode 14.0";
			developmentRegion = en;
			hasScannedForEncodings = 0;
			knownRegions = (
				en,
				Base,
			);
			mainGroup = E46BAD602990C57800C3800E;
			productRefGroup = E46BAD6A2990C57800C3800E /* Products */;
			projectDirPath = "";
			projectRoot = "";
			targets = (
				E46BAD682990C57800C3800E /* 20230206circleTracker */,
			);
		};
/* End PBXProject section */

/* Begin PBXResourcesBuildPhase section */
		E46BAD672990C57800C3800E /* Resources */ = {
			isa = PBXResourcesBuildPhase;
			buildActionMask = 2147483647;
			files = (
				E46BAD742990C57A00C3800E /* Preview Assets.xcassets in Resources */,
				E46BAD712990C57A00C3800E /* Assets.xcassets in Resources */,
			);
			runOnlyForDeploymentPostprocessing = 0;
		};
/* End PBXResourcesBuildPhase section */

/* Begin PBXSourcesBuildPhase section */
		E46BAD652990C57800C3800E /* Sources */ = {
			isa = PBXSourcesBuildPhase;
			buildActionMask = 2147483647;
			files = (
				E46BAD7F2990DEB500C3800E /* cameraOpenView.swift in Sources */,
				E46BAD6F2990C57800C3800E /* ContentView.swift in Sources */,
				E46BAD7B2990C5B300C3800E /* trackingView.swift in Sources */,
				E46BAD6D2990C57800C3800E /* _0230206circleTrackerApp.swift in Sources */,
				E46BAD7D2990DE2700C3800E /* cameraSet.swift in Sources */,
			);
			runOnlyForDeploymentPostprocessing = 0;
		};
/* End PBXSourcesBuildPhase section */

/* Begin XCBuildConfiguration section */
		E46BAD752990C57A00C3800E /* Debug */ = {
			isa = XCBuildConfiguration;
			buildSettings = {
				ALWAYS_SEARCH_USER_PATHS = NO;
				CLANG_ANALYZER_NONNULL = YES;
				CLANG_ANALYZER_NUMBER_OBJECT_CONVERSION = YES_AGGRESSIVE;
				CLANG_CXX_LANGUAGE_STANDARD = "gnu++20";
				CLANG_ENABLE_MODULES = YES;
				CLANG_ENABLE_OBJC_ARC = YES;
				CLANG_ENABLE_OBJC_WEAK = YES;
				CLANG_WARN_BLOCK_CAPTURE_AUTORELEASING = YES;
				CLANG_WARN_BOOL_CONVERSION = YES;
				CLANG_WARN_COMMA = YES;
				CLANG_WARN_CONSTANT_CONVERSION = YES;
				CLANG_WARN_DEPRECATED_OBJC_IMPLEMENTATIONS = YES;
				CLANG_WARN_DIRECT_OBJC_ISA_USAGE = YES_ERROR;
				CLANG_WARN_DOCUMENTATION_COMMENTS = YES;
				CLANG_WARN_EMPTY_BODY = YES;
				CLANG_WARN_ENUM_CONVERSION = YES;
				CLANG_WARN_INFINITE_RECURSION = YES;
				CLANG_WARN_INT_CONVERSION = YES;
				CLANG_WARN_NON_LITERAL_NULL_CONVERSION = YES;
				CLANG_WARN_OBJC_IMPLICIT_RETAIN_SELF = YES;
				CLANG_WARN_OBJC_LITERAL_CONVERSION = YES;
				CLANG_WARN_OBJC_ROOT_CLASS = YES_ERROR;
				CLANG_WARN_QUOTED_INCLUDE_IN_FRAMEWORK_HEADER = YES;
				CLANG_WARN_RANGE_LOOP_ANALYSIS = YES;
				CLANG_WARN_STRICT_PROTOTYPES = YES;
				CLANG_WARN_SUSPICIOUS_MOVE = YES;
				CLANG_WARN_UNGUARDED_AVAILABILITY = YES_AGGRESSIVE;
				CLANG_WARN_UNREACHABLE_CODE = YES;
				CLANG_WARN__DUPLICATE_METHOD_MATCH = YES;
				COPY_PHASE_STRIP = NO;
				DEBUG_INFORMATION_FORMAT = dwarf;
				ENABLE_STRICT_OBJC_MSGSEND = YES;
				ENABLE_TESTABILITY = YES;
				GCC_C_LANGUAGE_STANDARD = gnu11;
				GCC_DYNAMIC_NO_PIC = NO;
				GCC_NO_COMMON_BLOCKS = YES;
				GCC_OPTIMIZATION_LEVEL = 0;
				GCC_PREPROCESSOR_DEFINITIONS = (
					"DEBUG=1",
					"$(inherited)",
				);
				GCC_WARN_64_TO_32_BIT_CONVERSION = YES;
				GCC_WARN_ABOUT_RETURN_TYPE = YES_ERROR;
				GCC_WARN_UNDECLARED_SELECTOR = YES;
				GCC_WARN_UNINITIALIZED_AUTOS = YES_AGGRESSIVE;
				GCC_WARN_UNUSED_FUNCTION = YES;
				GCC_WARN_UNUSED_VARIABLE = YES;
				IPHONEOS_DEPLOYMENT_TARGET = 16.2;
				MTL_ENABLE_DEBUG_INFO = INCLUDE_SOURCE;
				MTL_FAST_MATH = YES;
				ONLY_ACTIVE_ARCH = YES;
				SDKROOT = iphoneos;
				SWIFT_ACTIVE_COMPILATION_CONDITIONS = DEBUG;
				SWIFT_OPTIMIZATION_LEVEL = "-Onone";
			};
			name = Debug;
		};
		E46BAD762990C57A00C3800E /* Release */ = {
			isa = XCBuildConfiguration;
			buildSettings = {
				ALWAYS_SEARCH_USER_PATHS = NO;
				CLANG_ANALYZER_NONNULL = YES;
				CLANG_ANALYZER_NUMBER_OBJECT_CONVERSION = YES_AGGRESSIVE;
				CLANG_CXX_LANGUAGE_STANDARD = "gnu++20";
				CLANG_ENABLE_MODULES = YES;
				CLANG_ENABLE_OBJC_ARC = YES;
				CLANG_ENABLE_OBJC_WEAK = YES;
				CLANG_WARN_BLOCK_CAPTURE_AUTORELEASING = YES;
				CLANG_WARN_BOOL_CONVERSION = YES;
				CLANG_WARN_COMMA = YES;
				CLANG_WARN_CONSTANT_CONVERSION = YES;
				CLANG_WARN_DEPRECATED_OBJC_IMPLEMENTATIONS = YES;
				CLANG_WARN_DIRECT_OBJC_ISA_USAGE = YES_ERROR;
				CLANG_WARN_DOCUMENTATION_COMMENTS = YES;
				CLANG_WARN_EMPTY_BODY = YES;
				CLANG_WARN_ENUM_CONVERSION = YES;
				CLANG_WARN_INFINITE_RECURSION = YES;
				CLANG_WARN_INT_CONVERSION = YES;
				CLANG_WARN_NON_LITERAL_NULL_CONVERSION = YES;
				CLANG_WARN_OBJC_IMPLICIT_RETAIN_SELF = YES;
				CLANG_WARN_OBJC_LITERAL_CONVERSION = YES;
				CLANG_WARN_OBJC_ROOT_CLASS = YES_ERROR;
				CLANG_WARN_QUOTED_INCLUDE_IN_FRAMEWORK_HEADER = YES;
				CLANG_WARN_RANGE_LOOP_ANALYSIS = YES;
				CLANG_WARN_STRICT_PROTOTYPES = YES;
				CLANG_WARN_SUSPICIOUS_MOVE = YES;
				CLANG_WARN_UNGUARDED_AVAILABILITY = YES_AGGRESSIVE;
				CLANG_WARN_UNREACHABLE_CODE = YES;
				CLANG_WARN__DUPLICATE_METHOD_MATCH = YES;
				COPY_PHASE_STRIP = NO;
				DEBUG_INFORMATION_FORMAT = "dwarf-with-dsym";
				ENABLE_NS_ASSERTIONS = NO;
				ENABLE_STRICT_OBJC_MSGSEND = YES;
				GCC_C_LANGUAGE_STANDARD = gnu11;
				GCC_NO_COMMON_BLOCKS = YES;
				GCC_WARN_64_TO_32_BIT_CONVERSION = YES;
				GCC_WARN_ABOUT_RETURN_TYPE = YES_ERROR;
				GCC_WARN_UNDECLARED_SELECTOR = YES;
				GCC_WARN_UNINITIALIZED_AUTOS = YES_AGGRESSIVE;
				GCC_WARN_UNUSED_FUNCTION = YES;
				GCC_WARN_UNUSED_VARIABLE = YES;
				IPHONEOS_DEPLOYMENT_TARGET = 16.2;
				MTL_ENABLE_DEBUG_INFO = NO;
				MTL_FAST_MATH = YES;
				SDKROOT = iphoneos;
				SWIFT_COMPILATION_MODE = wholemodule;
				SWIFT_OPTIMIZATION_LEVEL = "-O";
				VALIDATE_PRODUCT = YES;
			};
			name = Release;
		};
		E46BAD782990C57A00C3800E /* Debug */ = {
			isa = XCBuildConfiguration;
			buildSettings = {
				ASSETCATALOG_COMPILER_APPICON_NAME = AppIcon;
				ASSETCATALOG_COMPILER_GLOBAL_ACCENT_COLOR_NAME = AccentColor;
				CODE_SIGN_STYLE = Automatic;
				CURRENT_PROJECT_VERSION = 1;
				DEVELOPMENT_ASSET_PATHS = "\"20230206circleTracker/Preview Content\"";
				DEVELOPMENT_TEAM = 33DNUM53Q8;
				ENABLE_PREVIEWS = YES;
				GENERATE_INFOPLIST_FILE = YES;
				INFOPLIST_KEY_UIApplicationSceneManifest_Generation = YES;
				INFOPLIST_KEY_UIApplicationSupportsIndirectInputEvents = YES;
				INFOPLIST_KEY_UILaunchScreen_Generation = YES;
				INFOPLIST_KEY_UISupportedInterfaceOrientations_iPad = "UIInterfaceOrientationPortrait UIInterfaceOrientationPortraitUpsideDown UIInterfaceOrientationLandscapeLeft UIInterfaceOrientationLandscapeRight";
				INFOPLIST_KEY_UISupportedInterfaceOrientations_iPhone = "UIInterfaceOrientationPortrait UIInterfaceOrientationLandscapeLeft UIInterfaceOrientationLandscapeRight";
				LD_RUNPATH_SEARCH_PATHS = (
					"$(inherited)",
					"@executable_path/Frameworks",
				);
				MARKETING_VERSION = 1.0;
				PRODUCT_BUNDLE_IDENTIFIER = "UI-study.-0230206circleTracker";
				PRODUCT_NAME = "$(TARGET_NAME)";
				SWIFT_EMIT_LOC_STRINGS = YES;
				SWIFT_VERSION = 5.0;
				TARGETED_DEVICE_FAMILY = "1,2";
			};
			name = Debug;
		};
		E46BAD792990C57A00C3800E /* Release */ = {
			isa = XCBuildConfiguration;
			buildSettings = {
				ASSETCATALOG_COMPILER_APPICON_NAME = AppIcon;
				ASSETCATALOG_COMPILER_GLOBAL_ACCENT_COLOR_NAME = AccentColor;
				CODE_SIGN_STYLE = Automatic;
				CURRENT_PROJECT_VERSION = 1;
				DEVELOPMENT_ASSET_PATHS = "\"20230206circleTracker/Preview Content\"";
				DEVELOPMENT_TEAM = 33DNUM53Q8;
				ENABLE_PREVIEWS = YES;
				GENERATE_INFOPLIST_FILE = YES;
				INFOPLIST_KEY_UIApplicationSceneManifest_Generation = YES;
				INFOPLIST_KEY_UIApplicationSupportsIndirectInputEvents = YES;
				INFOPLIST_KEY_UILaunchScreen_Generation = YES;
				INFOPLIST_KEY_UISupportedInterfaceOrientations_iPad = "UIInterfaceOrientationPortrait UIInterfaceOrientationPortraitUpsideDown UIInterfaceOrientationLandscapeLeft UIInterfaceOrientationLandscapeRight";
				INFOPLIST_KEY_UISupportedInterfaceOrientations_iPhone = "UIInterfaceOrientationPortrait UIInterfaceOrientationLandscapeLeft UIInterfaceOrientationLandscapeRight";
				LD_RUNPATH_SEARCH_PATHS = (
					"$(inherited)",
					"@executable_path/Frameworks",
				);
				MARKETING_VERSION = 1.0;
				PRODUCT_BUNDLE_IDENTIFIER = "UI-study.-0230206circleTracker";
				PRODUCT_NAME = "$(TARGET_NAME)";
				SWIFT_EMIT_LOC_STRINGS = YES;
				SWIFT_VERSION = 5.0;
				TARGETED_DEVICE_FAMILY = "1,2";
			};
			name = Release;
		};
/* End XCBuildConfiguration section */

/* Begin XCConfigurationList section */
		E46BAD642990C57800C3800E /* Build configuration list for PBXProject "20230206circleTracker" */ = {
			isa = XCConfigurationList;
			buildConfigurations = (
				E46BAD752990C57A00C3800E /* Debug */,
				E46BAD762990C57A00C3800E /* Release */,
			);
			defaultConfigurationIsVisible = 0;
			defaultConfigurationName = Release;
		};
		E46BAD772990C57A00C3800E /* Build configuration list for PBXNativeTarget "20230206circleTracker" */ = {
			isa = XCConfigurationList;
			buildConfigurations = (
				E46BAD782990C57A00C3800E /* Debug */,
				E46BAD792990C57A00C3800E /* Release */,
			);
			defaultConfigurationIsVisible = 0;
			defaultConfigurationName = Release;
		};
/* End XCConfigurationList section */
	};
	rootObject = E46BAD612990C57800C3800E /* Project object */;
}
